{
    "_meta": {
        "hash": {
            "sha256": "027b5a7732d256dbcd42d8eca75ab0204ea0065b4be36dc282be0480c4bd1a32"
        },
        "pipfile-spec": 6,
        "requires": {
            "python_version": "3.6"
        },
        "sources": [
            {
                "name": "pypi",
                "url": "https://pypi.org/simple",
                "verify_ssl": true
            }
        ]
    },
    "default": {
        "dill": {
            "hashes": [
                "sha256:431c9d46e190dcdf1397234cf659d66e2e22e33b0474ed6ee2d0b16c9c0ea319",
                "sha256:e82b3db7b9d962911c9c2d5cf2bb4a04f43933f505a624fb7dc5f68b949f0a5c"
            ],
            "version": "==0.2.5"
        },
        "opentrons": {
            "hashes": [
                "sha256:8b13d07bff9578035962508a0b15c85f2be2b06e190e2a868c1e7ec79dde6a92"
            ],
            "index": "pypi",
            "version": "==2.5.2"
        },
        "pyserial": {
            "hashes": [
                "sha256:1eecfe4022240f2eab5af8d414f0504e072ee68377ba63d3b6fe6e66c26f66d1",
                "sha256:b05fa0d2f5cc5a9584bed5d695441f6dba127c5b593dfa6e671a0db2de0d959a"
            ],
            "version": "==3.2.1"
        },
        "requests": {
            "hashes": [
                "sha256:3b39cde35be51762885631cf586f4dc2284951b44d479a4454020758d767cc2f",
                "sha256:a274abba399a23e8713ffd2b5706535ae280ebe2b8069ee6a941cb089440d153"
            ],
            "version": "==2.14.2"
        }
    },
    "develop": {}
}
